
Microsoft Visual Studio Solution File, Format Version 12.00
# Visual Studio Version 17
VisualStudioVersion = 17.8.34330.188
MinimumVisualStudioVersion = 10.0.40219.1
Project("{8BC9CEB8-8B4A-11D0-8D11-00A0C91BC942}") = "Chuong3BT2_XDLopPhanSo", "Chuong3BT2\Chuong3BT2.vcxproj", "{07DF1910-BF71-4303-B854-60CA872E9864}"
EndProject
Project("{8BC9CEB8-8B4A-11D0-8D11-00A0C91BC942}") = "Chuong3BT1", "Chuong3BT1\Chuong3BT1.vcxproj", "{0DA19188-0255-443F-AB8A-EFF0A655DBCC}"
EndProject
Project("{8BC9CEB8-8B4A-11D0-8D11-00A0C91BC942}") = "Chuong2BT1", "Chuong2BT1\Chuong2BT1.vcxproj", "{831ECF18-E956-4EBA-9427-6F61032F84F4}"
EndProject
Project("{8BC9CEB8-8B4A-11D0-8D11-00A0C91BC942}") = "Chuong4TH_BT2_ToanTuSoSanh", "Chuong4BT2\Chuong4BT2.vcxproj", "{0AF4DF9A-8A36-4490-B536-AFF9825F1F1E}"
EndProject
Project("{8BC9CEB8-8B4A-11D0-8D11-00A0C91BC942}") = "Chuong4TH_BT1_LopMenu", "Chuong4BT1\Chuong4BT1.vcxproj", "{11C3AC62-338D-48F9-AEAE-D8A076CE82C3}"
EndProject
Project("{8BC9CEB8-8B4A-11D0-8D11-00A0C91BC942}") = "Chuong3TH_BT2_QuanlyDiem", "Chuong3TH_BT2\Chuong3TH_BT2.vcxproj", "{E014540A-0FFE-47DB-B831-34C113FBE81B}"
EndProject
Project("{8BC9CEB8-8B4A-11D0-8D11-00A0C91BC942}") = "Chuong3TH_BT1_QuanlyDeThiTN", "Chuong3TH_BT1\Chuong3TH_BT1.vcxproj", "{EEF7FCF3-9705-49EC-AA0F-E8FEAF5AA6BC}"
EndProject
Project("{8BC9CEB8-8B4A-11D0-8D11-00A0C91BC942}") = "Chuong2BT2", "Chuong2BT2\Chuong2BT2.vcxproj", "{C980B0BA-A588-4926-8328-5D10E87BA02B}"
EndProject
Project("{8BC9CEB8-8B4A-11D0-8D11-00A0C91BC942}") = "Quanlychuyenxe", "Quanlychuyenxe\Quanlychuyenxe.vcxproj", "{3F065657-2117-45A0-A148-00D8B68C62CA}"
EndProject
Project("{8BC9CEB8-8B4A-11D0-8D11-00A0C91BC942}") = "QuanLySach", "QuanLySach\QuanLySach.vcxproj", "{58E27B04-3574-4D48-AEC5-6B4EC2E00A99}"
EndProject
Global
	GlobalSection(SolutionConfigurationPlatforms) = preSolution
		Debug|x64 = Debug|x64
		Debug|x86 = Debug|x86
		Release|x64 = Release|x64
		Release|x86 = Release|x86
	EndGlobalSection
	GlobalSection(ProjectConfigurationPlatforms) = postSolution
		{07DF1910-BF71-4303-B854-60CA872E9864}.Debug|x64.ActiveCfg = Debug|x64
		{07DF1910-BF71-4303-B854-60CA872E9864}.Debug|x64.Build.0 = Debug|x64
		{07DF1910-BF71-4303-B854-60CA872E9864}.Debug|x86.ActiveCfg = Debug|Win32
		{07DF1910-BF71-4303-B854-60CA872E9864}.Debug|x86.Build.0 = Debug|Win32
		{07DF1910-BF71-4303-B854-60CA872E9864}.Release|x64.ActiveCfg = Release|x64
		{07DF1910-BF71-4303-B854-60CA872E9864}.Release|x64.Build.0 = Release|x64
		{07DF1910-BF71-4303-B854-60CA872E9864}.Release|x86.ActiveCfg = Release|Win32
		{07DF1910-BF71-4303-B854-60CA872E9864}.Release|x86.Build.0 = Release|Win32
		{0DA19188-0255-443F-AB8A-EFF0A655DBCC}.Debug|x64.ActiveCfg = Debug|x64
		{0DA19188-0255-443F-AB8A-EFF0A655DBCC}.Debug|x64.Build.0 = Debug|x64
		{0DA19188-0255-443F-AB8A-EFF0A655DBCC}.Debug|x86.ActiveCfg = Debug|Win32
		{0DA19188-0255-443F-AB8A-EFF0A655DBCC}.Debug|x86.Build.0 = Debug|Win32
		{0DA19188-0255-443F-AB8A-EFF0A655DBCC}.Release|x64.ActiveCfg = Release|x64
		{0DA19188-0255-443F-AB8A-EFF0A655DBCC}.Release|x64.Build.0 = Release|x64
		{0DA19188-0255-443F-AB8A-EFF0A655DBCC}.Release|x86.ActiveCfg = Release|Win32
		{0DA19188-0255-443F-AB8A-EFF0A655DBCC}.Release|x86.Build.0 = Release|Win32
		{831ECF18-E956-4EBA-9427-6F61032F84F4}.Debug|x64.ActiveCfg = Debug|x64
		{831ECF18-E956-4EBA-9427-6F61032F84F4}.Debug|x64.Build.0 = Debug|x64
		{831ECF18-E956-4EBA-9427-6F61032F84F4}.Debug|x86.ActiveCfg = Debug|Win32
		{831ECF18-E956-4EBA-9427-6F61032F84F4}.Debug|x86.Build.0 = Debug|Win32
		{831ECF18-E956-4EBA-9427-6F61032F84F4}.Release|x64.ActiveCfg = Release|x64
		{831ECF18-E956-4EBA-9427-6F61032F84F4}.Release|x64.Build.0 = Release|x64
		{831ECF18-E956-4EBA-9427-6F61032F84F4}.Release|x86.ActiveCfg = Release|Win32
		{831ECF18-E956-4EBA-9427-6F61032F84F4}.Release|x86.Build.0 = Release|Win32
		{0AF4DF9A-8A36-4490-B536-AFF9825F1F1E}.Debug|x64.ActiveCfg = Debug|x64
		{0AF4DF9A-8A36-4490-B536-AFF9825F1F1E}.Debug|x64.Build.0 = Debug|x64
		{0AF4DF9A-8A36-4490-B536-AFF9825F1F1E}.Debug|x86.ActiveCfg = Debug|Win32
		{0AF4DF9A-8A36-4490-B536-AFF9825F1F1E}.Debug|x86.Build.0 = Debug|Win32
		{0AF4DF9A-8A36-4490-B536-AFF9825F1F1E}.Release|x64.ActiveCfg = Release|x64
		{0AF4DF9A-8A36-4490-B536-AFF9825F1F1E}.Release|x64.Build.0 = Release|x64
		{0AF4DF9A-8A36-4490-B536-AFF9825F1F1E}.Release|x86.ActiveCfg = Release|Win32
		{0AF4DF9A-8A36-4490-B536-AFF9825F1F1E}.Release|x86.Build.0 = Release|Win32
		{11C3AC62-338D-48F9-AEAE-D8A076CE82C3}.Debug|x64.ActiveCfg = Debug|x64
		{11C3AC62-338D-48F9-AEAE-D8A076CE82C3}.Debug|x64.Build.0 = Debug|x64
		{11C3AC62-338D-48F9-AEAE-D8A076CE82C3}.Debug|x86.ActiveCfg = Debug|Win32
		{11C3AC62-338D-48F9-AEAE-D8A076CE82C3}.Debug|x86.Build.0 = Debug|Win32
		{11C3AC62-338D-48F9-AEAE-D8A076CE82C3}.Release|x64.ActiveCfg = Release|x64
		{11C3AC62-338D-48F9-AEAE-D8A076CE82C3}.Release|x64.Build.0 = Release|x64
		{11C3AC62-338D-48F9-AEAE-D8A076CE82C3}.Release|x86.ActiveCfg = Release|Win32
		{11C3AC62-338D-48F9-AEAE-D8A076CE82C3}.Release|x86.Build.0 = Release|Win32
		{E014540A-0FFE-47DB-B831-34C113FBE81B}.Debug|x64.ActiveCfg = Debug|x64
		{E014540A-0FFE-47DB-B831-34C113FBE81B}.Debug|x64.Build.0 = Debug|x64
		{E014540A-0FFE-47DB-B831-34C113FBE81B}.Debug|x86.ActiveCfg = Debug|Win32
		{E014540A-0FFE-47DB-B831-34C113FBE81B}.Debug|x86.Build.0 = Debug|Win32
		{E014540A-0FFE-47DB-B831-34C113FBE81B}.Release|x64.ActiveCfg = Release|x64
		{E014540A-0FFE-47DB-B831-34C113FBE81B}.Release|x64.Build.0 = Release|x64
		{E014540A-0FFE-47DB-B831-34C113FBE81B}.Release|x86.ActiveCfg = Release|Win32
		{E014540A-0FFE-47DB-B831-34C113FBE81B}.Release|x86.Build.0 = Release|Win32
		{EEF7FCF3-9705-49EC-AA0F-E8FEAF5AA6BC}.Debug|x64.ActiveCfg = Debug|x64
		{EEF7FCF3-9705-49EC-AA0F-E8FEAF5AA6BC}.Debug|x64.Build.0 = Debug|x64
		{EEF7FCF3-9705-49EC-AA0F-E8FEAF5AA6BC}.Debug|x86.ActiveCfg = Debug|Win32
		{EEF7FCF3-9705-49EC-AA0F-E8FEAF5AA6BC}.Debug|x86.Build.0 = Debug|Win32
		{EEF7FCF3-9705-49EC-AA0F-E8FEAF5AA6BC}.Release|x64.ActiveCfg = Release|x64
		{EEF7FCF3-9705-49EC-AA0F-E8FEAF5AA6BC}.Release|x64.Build.0 = Release|x64
		{EEF7FCF3-9705-49EC-AA0F-E8FEAF5AA6BC}.Release|x86.ActiveCfg = Release|Win32
		{EEF7FCF3-9705-49EC-AA0F-E8FEAF5AA6BC}.Release|x86.Build.0 = Release|Win32
		{C980B0BA-A588-4926-8328-5D10E87BA02B}.Debug|x64.ActiveCfg = Debug|x64
		{C980B0BA-A588-4926-8328-5D10E87BA02B}.Debug|x64.Build.0 = Debug|x64
		{C980B0BA-A588-4926-8328-5D10E87BA02B}.Debug|x86.ActiveCfg = Debug|Win32
		{C980B0BA-A588-4926-8328-5D10E87BA02B}.Debug|x86.Build.0 = Debug|Win32
		{C980B0BA-A588-4926-8328-5D10E87BA02B}.Release|x64.ActiveCfg = Release|x64
		{C980B0BA-A588-4926-8328-5D10E87BA02B}.Release|x64.Build.0 = Release|x64
		{C980B0BA-A588-4926-8328-5D10E87BA02B}.Release|x86.ActiveCfg = Release|Win32
		{C980B0BA-A588-4926-8328-5D10E87BA02B}.Release|x86.Build.0 = Release|Win32
		{3F065657-2117-45A0-A148-00D8B68C62CA}.Debug|x64.ActiveCfg = Debug|x64
		{3F065657-2117-45A0-A148-00D8B68C62CA}.Debug|x64.Build.0 = Debug|x64
		{3F065657-2117-45A0-A148-00D8B68C62CA}.Debug|x86.ActiveCfg = Debug|Win32
		{3F065657-2117-45A0-A148-00D8B68C62CA}.Debug|x86.Build.0 = Debug|Win32
		{3F065657-2117-45A0-A148-00D8B68C62CA}.Release|x64.ActiveCfg = Release|x64
		{3F065657-2117-45A0-A148-00D8B68C62CA}.Release|x64.Build.0 = Release|x64
		{3F065657-2117-45A0-A148-00D8B68C62CA}.Release|x86.ActiveCfg = Release|Win32
		{3F065657-2117-45A0-A148-00D8B68C62CA}.Release|x86.Build.0 = Release|Win32
		{58E27B04-3574-4D48-AEC5-6B4EC2E00A99}.Debug|x64.ActiveCfg = Debug|x64
		{58E27B04-3574-4D48-AEC5-6B4EC2E00A99}.Debug|x64.Build.0 = Debug|x64
		{58E27B04-3574-4D48-AEC5-6B4EC2E00A99}.Debug|x86.ActiveCfg = Debug|Win32
		{58E27B04-3574-4D48-AEC5-6B4EC2E00A99}.Debug|x86.Build.0 = Debug|Win32
		{58E27B04-3574-4D48-AEC5-6B4EC2E00A99}.Release|x64.ActiveCfg = Release|x64
		{58E27B04-3574-4D48-AEC5-6B4EC2E00A99}.Release|x64.Build.0 = Release|x64
		{58E27B04-3574-4D48-AEC5-6B4EC2E00A99}.Release|x86.ActiveCfg = Release|Win32
		{58E27B04-3574-4D48-AEC5-6B4EC2E00A99}.Release|x86.Build.0 = Release|Win32
	EndGlobalSection
	GlobalSection(SolutionProperties) = preSolution
		HideSolutionNode = FALSE
	EndGlobalSection
	GlobalSection(ExtensibilityGlobals) = postSolution
		SolutionGuid = {42979857-D27A-484D-BA9B-23B62776294E}
	EndGlobalSection
EndGlobal
